{
  "name": "hidden-machine-example-http",
  "version": "0.2.1",
  "lockfileVersion": 1,
  "requires": true,
  "dependencies": {
    "hidden-machine": {
      "version": "0.2.0",
      "requires": {
        "@zeit/ncc": "^0.16.0",
        "batch": "^0.6.1",
        "chalk": "^2.4.2",
        "debug": "^4.1.1",
        "extend": "^3.0.2",
        "increment-buffer": "^1.0.1",
        "minimist": "^1.2.0",
        "mkdirp": "^0.5.1",
        "nanotimer": "^0.3.15",
        "napi-macros": "^1.8.2",
        "node-gyp": "^3.8.0",
        "node-gyp-build": "^3.8.0",
        "pify": "^4.0.1",
        "rc": "^1.2.8",
        "rimraf": "^2.6.3",
        "sodium-native": "^2.3.0",
        "strip-indent": "^2.0.0"
      }
    },
    "node-gyp-build": {
      "version": "3.8.0",
      "resolved": "https://registry.npmjs.org/node-gyp-build/-/node-gyp-build-3.8.0.tgz",
      "integrity": "sha512-bYbpIHyRqZ7sVWXxGpz8QIRug5JZc/hzZH4GbdT9HTZi6WmKCZ8GLvP8OZ9TTiIBvwPFKgtGrlWQSXDAvYdsPw=="
    }
  }
}
